
Microsoft Visual Studio Solution File, Format Version 12.00
# Visual Studio 14
VisualStudioVersion = 14.0.24720.0
MinimumVisualStudioVersion = 10.0.40219.1
Project("{8BC9CEB8-8B4A-11D0-8D11-00A0C91BC942}") = "inlinehook", "inlinehook\inlinehook.vcxproj", "{93DD54ED-D9D9-4546-9A4A-694F8839D9A3}"
EndProject
Project("{8BC9CEB8-8B4A-11D0-8D11-00A0C91BC942}") = "test_hook", "test_hook\test_hook.vcxproj", "{79EB9F30-A7A8-4812-8CA5-B8A0D8E1542F}"
	ProjectSection(ProjectDependencies) = postProject
		{93DD54ED-D9D9-4546-9A4A-694F8839D9A3} = {93DD54ED-D9D9-4546-9A4A-694F8839D9A3}
	EndProjectSection
EndProject
Global
	GlobalSection(SolutionConfigurationPlatforms) = preSolution
		Debug|x64 = Debug|x64
		Debug|x86 = Debug|x86
		Release|x64 = Release|x64
		Release|x86 = Release|x86
	EndGlobalSection
	GlobalSection(ProjectConfigurationPlatforms) = postSolution
		{93DD54ED-D9D9-4546-9A4A-694F8839D9A3}.Debug|x64.ActiveCfg = Debug|x64
		{93DD54ED-D9D9-4546-9A4A-694F8839D9A3}.Debug|x64.Build.0 = Debug|x64
		{93DD54ED-D9D9-4546-9A4A-694F8839D9A3}.Debug|x86.ActiveCfg = Debug|Win32
		{93DD54ED-D9D9-4546-9A4A-694F8839D9A3}.Debug|x86.Build.0 = Debug|Win32
		{93DD54ED-D9D9-4546-9A4A-694F8839D9A3}.Release|x64.ActiveCfg = Release|x64
		{93DD54ED-D9D9-4546-9A4A-694F8839D9A3}.Release|x64.Build.0 = Release|x64
		{93DD54ED-D9D9-4546-9A4A-694F8839D9A3}.Release|x86.ActiveCfg = Release|Win32
		{93DD54ED-D9D9-4546-9A4A-694F8839D9A3}.Release|x86.Build.0 = Release|Win32
		{79EB9F30-A7A8-4812-8CA5-B8A0D8E1542F}.Debug|x64.ActiveCfg = Debug|x64
		{79EB9F30-A7A8-4812-8CA5-B8A0D8E1542F}.Debug|x64.Build.0 = Debug|x64
		{79EB9F30-A7A8-4812-8CA5-B8A0D8E1542F}.Debug|x86.ActiveCfg = Debug|Win32
		{79EB9F30-A7A8-4812-8CA5-B8A0D8E1542F}.Debug|x86.Build.0 = Debug|Win32
		{79EB9F30-A7A8-4812-8CA5-B8A0D8E1542F}.Release|x64.ActiveCfg = Release|x64
		{79EB9F30-A7A8-4812-8CA5-B8A0D8E1542F}.Release|x64.Build.0 = Release|x64
		{79EB9F30-A7A8-4812-8CA5-B8A0D8E1542F}.Release|x86.ActiveCfg = Release|Win32
		{79EB9F30-A7A8-4812-8CA5-B8A0D8E1542F}.Release|x86.Build.0 = Release|Win32
	EndGlobalSection
	GlobalSection(SolutionProperties) = preSolution
		HideSolutionNode = FALSE
	EndGlobalSection
EndGlobal
